{
  "nodes": {
    "nixpkgs": {
      "locked": {
        "lastModified": 1785454630,
        "narHash": "sha256-LQy14TZp77TwbQf40gg1V3jo8FwJG0jGDkAH+zRHqg8=",
        "owner": "NixOS",
        "repo": "nixpkgs",
        "rev": "1559d3daa3ecc813a650b79375ea61b6741b8746",
        "type": "github"
      },
      "original": {
        "owner": "NixOS",
        "ref": "nixos-unstable",
        "repo": "nixpkgs",
        "type": "github"
      }
    },
    "root": {
      "inputs": {
        "nixpkgs": "nixpkgs",
        "vidya": "vidya"
      }
    },
    "vidya": {
      "flake": false,
      "locked": {
        "lastModified": 1785891905,
        "narHash": "sha256-8wiw1ebajIdy2+9dkI12bCoYyPDuI3ZWeZ13ki6TuU0=",
        "owner": "codegod100",
        "repo": "vidya",
        "rev": "5e9f26c4a307ecabc69acd2c82f10e8cee68ed05",
        "type": "github"
      },
      "original": {
        "owner": "codegod100",
        "repo": "vidya",
        "type": "github"
      }
    }
  },
  "root": "root",
  "version": 7
}
